# This playbook is used to fetch the existing config block for a channel
# The Kubernetes clusters should already be created and the information to connect to the
# clusters be updated in the network.yaml file that is used as an input to this playbook
###########################################################################################
# To Run this playbook from this directory, use the following command (network.yaml also in this directory)
#  ansible-playbook fetch-channel-config-block.yaml -e "@./network.yaml"
############################################################################################
# Please ensure that the ../../shared/configuration playbooks have been run and a DLT network exists.
---
  # This will apply to ansible_provisioners. /etc/ansible/hosts should be configured with this group
- hosts: ansible_provisioners
  gather_facts: no
  tasks:
    # This role is to fetch the existing configuration block for channel(s)
    - include_role:
        name: "setup/config_block/fetch"
      vars:
        build_path: "./build"
        participants: "{{ item.participants }}"
        docker_url: "{{ network.docker.url }}"
        fetch_only: true
      loop: "{{ network['channels'] }}"
